// !$*UTF8*$!
{
	archiveVersion = 1;
	classes = {
	};
	objectVersion = 46;
	objects = {

/* Begin PBXBuildFile section */
		06D768C8FE8FC8954CD439A5 /* Pods_Project_1.framework in Frameworks */ = {isa = PBXBuildFile; fileRef = EF4A17480394E61785FA08E3 /* Pods_Project_1.framework */; };
		D710F19A1F7F2D66008CC8BA /* Tweet.swift in Sources */ = {isa = PBXBuildFile; fileRef = D710F1991F7F2D66008CC8BA /* Tweet.swift */; };
		D747F5CA1F7DB58700AEB72C /* TweetsCell.swift in Sources */ = {isa = PBXBuildFile; fileRef = D747F5C91F7DB58700AEB72C /* TweetsCell.swift */; };
		D75F27EA1F7B405100417F41 /* HomeDatasourceController+navbar.swift in Sources */ = {isa = PBXBuildFile; fileRef = D75F27E91F7B405100417F41 /* HomeDatasourceController+navbar.swift */; };
		D7C8DCCF1F0F0C7500049571 /* HomeDatasourceController.swift in Sources */ = {isa = PBXBuildFile; fileRef = D7C8DCCE1F0F0C7500049571 /* HomeDatasourceController.swift */; };
		D7C8DCD51F0F182600049571 /* Cells.swift in Sources */ = {isa = PBXBuildFile; fileRef = D7C8DCD41F0F182600049571 /* Cells.swift */; };
		D7C8DCD71F0F186A00049571 /* HomeDatasource.swift in Sources */ = {isa = PBXBuildFile; fileRef = D7C8DCD61F0F186A00049571 /* HomeDatasource.swift */; };
		D7F717931F17179F000967B1 /* User.swift in Sources */ = {isa = PBXBuildFile; fileRef = D7F717921F17179F000967B1 /* User.swift */; };
		D7F717951F172498000967B1 /* UserCell.swift in Sources */ = {isa = PBXBuildFile; fileRef = D7F717941F172498000967B1 /* UserCell.swift */; };
		D7F809B71F0AF99D003E0102 /* AppDelegate.swift in Sources */ = {isa = PBXBuildFile; fileRef = D7F809B61F0AF99D003E0102 /* AppDelegate.swift */; };
		D7F809BE1F0AF99D003E0102 /* Assets.xcassets in Resources */ = {isa = PBXBuildFile; fileRef = D7F809BD1F0AF99D003E0102 /* Assets.xcassets */; };
		D7F809C11F0AF99D003E0102 /* LaunchScreen.storyboard in Resources */ = {isa = PBXBuildFile; fileRef = D7F809BF1F0AF99D003E0102 /* LaunchScreen.storyboard */; };
		D7F809C91F0BF87A003E0102 /* HomeController.swift in Sources */ = {isa = PBXBuildFile; fileRef = D7F809C81F0BF87A003E0102 /* HomeController.swift */; };
/* End PBXBuildFile section */

/* Begin PBXFileReference section */
		C54FF06AD9C7A2ED4D1DAD43 /* Pods-Project-1.debug.xcconfig */ = {isa = PBXFileReference; includeInIndex = 1; lastKnownFileType = text.xcconfig; name = "Pods-Project-1.debug.xcconfig"; path = "Pods/Target Support Files/Pods-Project-1/Pods-Project-1.debug.xcconfig"; sourceTree = "<group>"; };
		D710F1991F7F2D66008CC8BA /* Tweet.swift */ = {isa = PBXFileReference; lastKnownFileType = sourcecode.swift; path = Tweet.swift; sourceTree = "<group>"; };
		D747F5C91F7DB58700AEB72C /* TweetsCell.swift */ = {isa = PBXFileReference; lastKnownFileType = sourcecode.swift; path = TweetsCell.swift; sourceTree = "<group>"; };
		D75F27E91F7B405100417F41 /* HomeDatasourceController+navbar.swift */ = {isa = PBXFileReference; fileEncoding = 4; lastKnownFileType = sourcecode.swift; path = "HomeDatasourceController+navbar.swift"; sourceTree = "<group>"; };
		D7C8DCCE1F0F0C7500049571 /* HomeDatasourceController.swift */ = {isa = PBXFileReference; fileEncoding = 4; lastKnownFileType = sourcecode.swift; path = HomeDatasourceController.swift; sourceTree = "<group>"; };
		D7C8DCD41F0F182600049571 /* Cells.swift */ = {isa = PBXFileReference; fileEncoding = 4; lastKnownFileType = sourcecode.swift; path = Cells.swift; sourceTree = "<group>"; };
		D7C8DCD61F0F186A00049571 /* HomeDatasource.swift */ = {isa = PBXFileReference; fileEncoding = 4; lastKnownFileType = sourcecode.swift; path = HomeDatasource.swift; sourceTree = "<group>"; };
		D7F717921F17179F000967B1 /* User.swift */ = {isa = PBXFileReference; fileEncoding = 4; lastKnownFileType = sourcecode.swift; path = User.swift; sourceTree = "<group>"; };
		D7F717941F172498000967B1 /* UserCell.swift */ = {isa = PBXFileReference; fileEncoding = 4; lastKnownFileType = sourcecode.swift; path = UserCell.swift; sourceTree = "<group>"; };
		D7F809B31F0AF99D003E0102 /* Project-1.app */ = {isa = PBXFileReference; explicitFileType = wrapper.application; includeInIndex = 0; path = "Project-1.app"; sourceTree = BUILT_PRODUCTS_DIR; };
		D7F809B61F0AF99D003E0102 /* AppDelegate.swift */ = {isa = PBXFileReference; lastKnownFileType = sourcecode.swift; path = AppDelegate.swift; sourceTree = "<group>"; };
		D7F809BD1F0AF99D003E0102 /* Assets.xcassets */ = {isa = PBXFileReference; lastKnownFileType = folder.assetcatalog; path = Assets.xcassets; sourceTree = "<group>"; };
		D7F809C01F0AF99D003E0102 /* Base */ = {isa = PBXFileReference; lastKnownFileType = file.storyboard; name = Base; path = Base.lproj/LaunchScreen.storyboard; sourceTree = "<group>"; };
		D7F809C21F0AF99D003E0102 /* Info.plist */ = {isa = PBXFileReference; lastKnownFileType = text.plist.xml; path = Info.plist; sourceTree = "<group>"; };
		D7F809C81F0BF87A003E0102 /* HomeController.swift */ = {isa = PBXFileReference; fileEncoding = 4; lastKnownFileType = sourcecode.swift; path = HomeController.swift; sourceTree = "<group>"; };
		EF4A17480394E61785FA08E3 /* Pods_Project_1.framework */ = {isa = PBXFileReference; explicitFileType = wrapper.framework; includeInIndex = 0; path = Pods_Project_1.framework; sourceTree = BUILT_PRODUCTS_DIR; };
		FE6912EC4FA9D580767C6E2F /* Pods-Project-1.release.xcconfig */ = {isa = PBXFileReference; includeInIndex = 1; lastKnownFileType = text.xcconfig; name = "Pods-Project-1.release.xcconfig"; path = "Pods/Target Support Files/Pods-Project-1/Pods-Project-1.release.xcconfig"; sourceTree = "<group>"; };
/* End PBXFileReference section */

/* Begin PBXFrameworksBuildPhase section */
		D7F809B01F0AF99D003E0102 /* Frameworks */ = {
			isa = PBXFrameworksBuildPhase;
			buildActionMask = 2147483647;
			files = (
				06D768C8FE8FC8954CD439A5 /* Pods_Project_1.framework in Frameworks */,
			);
			runOnlyForDeploymentPostprocessing = 0;
		};
/* End PBXFrameworksBuildPhase section */

/* Begin PBXGroup section */
		6C68C4D842A5D0137F370294 /* Frameworks */ = {
			isa = PBXGroup;
			children = (
				EF4A17480394E61785FA08E3 /* Pods_Project_1.framework */,
			);
			name = Frameworks;
			sourceTree = "<group>";
		};
		D7C8DCD11F0F15F700049571 /* Controller */ = {
			isa = PBXGroup;
			children = (
				D7C8DCCE1F0F0C7500049571 /* HomeDatasourceController.swift */,
				D75F27E91F7B405100417F41 /* HomeDatasourceController+navbar.swift */,
			);
			name = Controller;
			sourceTree = "<group>";
		};
		D7C8DCD21F0F17B600049571 /* Model */ = {
			isa = PBXGroup;
			children = (
				D7C8DCD61F0F186A00049571 /* HomeDatasource.swift */,
				D7F717921F17179F000967B1 /* User.swift */,
				D710F1991F7F2D66008CC8BA /* Tweet.swift */,
			);
			name = Model;
			sourceTree = "<group>";
		};
		D7C8DCD31F0F17BD00049571 /* View */ = {
			isa = PBXGroup;
			children = (
				D7C8DCD41F0F182600049571 /* Cells.swift */,
				D7F717941F172498000967B1 /* UserCell.swift */,
				D747F5C91F7DB58700AEB72C /* TweetsCell.swift */,
			);
			name = View;
			sourceTree = "<group>";
		};
		D7F809AA1F0AF99D003E0102 = {
			isa = PBXGroup;
			children = (
				D7C8DCD31F0F17BD00049571 /* View */,
				D7C8DCD21F0F17B600049571 /* Model */,
				D7C8DCD11F0F15F700049571 /* Controller */,
				D7F809B51F0AF99D003E0102 /* Project-1 */,
				D7F809B41F0AF99D003E0102 /* Products */,
				FD21B7257B2307EC2BA3C00D /* Pods */,
				6C68C4D842A5D0137F370294 /* Frameworks */,
			);
			sourceTree = "<group>";
		};
		D7F809B41F0AF99D003E0102 /* Products */ = {
			isa = PBXGroup;
			children = (
				D7F809B31F0AF99D003E0102 /* Project-1.app */,
			);
			name = Products;
			sourceTree = "<group>";
		};
		D7F809B51F0AF99D003E0102 /* Project-1 */ = {
			isa = PBXGroup;
			children = (
				D7F809B61F0AF99D003E0102 /* AppDelegate.swift */,
				D7F809C81F0BF87A003E0102 /* HomeController.swift */,
				D7F809BD1F0AF99D003E0102 /* Assets.xcassets */,
				D7F809BF1F0AF99D003E0102 /* LaunchScreen.storyboard */,
				D7F809C21F0AF99D003E0102 /* Info.plist */,
			);
			path = "Project-1";
			sourceTree = "<group>";
		};
		FD21B7257B2307EC2BA3C00D /* Pods */ = {
			isa = PBXGroup;
			children = (
				C54FF06AD9C7A2ED4D1DAD43 /* Pods-Project-1.debug.xcconfig */,
				FE6912EC4FA9D580767C6E2F /* Pods-Project-1.release.xcconfig */,
			);
			name = Pods;
			sourceTree = "<group>";
		};
/* End PBXGroup section */

/* Begin PBXNativeTarget section */
		D7F809B21F0AF99D003E0102 /* Project-1 */ = {
			isa = PBXNativeTarget;
			buildConfigurationList = D7F809C51F0AF99D003E0102 /* Build configuration list for PBXNativeTarget "Project-1" */;
			buildPhases = (
				90193103F1DD8B054BD85AAF /* [CP] Check Pods Manifest.lock */,
				D7F809AF1F0AF99D003E0102 /* Sources */,
				D7F809B01F0AF99D003E0102 /* Frameworks */,
				D7F809B11F0AF99D003E0102 /* Resources */,
				595655C707DD8E5D5A4860B8 /* [CP] Embed Pods Frameworks */,
				98F99E1F768DC913FFD7D06B /* [CP] Copy Pods Resources */,
			);
			buildRules = (
			);
			dependencies = (
			);
			name = "Project-1";
			productName = "Project-1";
			productReference = D7F809B31F0AF99D003E0102 /* Project-1.app */;
			productType = "com.apple.product-type.application";
		};
/* End PBXNativeTarget section */

/* Begin PBXProject section */
		D7F809AB1F0AF99D003E0102 /* Project object */ = {
			isa = PBXProject;
			attributes = {
				LastSwiftUpdateCheck = 0830;
				LastUpgradeCheck = 0830;
				ORGANIZATIONNAME = "Riorden Weber";
				TargetAttributes = {
					D7F809B21F0AF99D003E0102 = {
						CreatedOnToolsVersion = 8.3.3;
						DevelopmentTeam = 9VQK2KEKWF;
						ProvisioningStyle = Automatic;
					};
				};
			};
			buildConfigurationList = D7F809AE1F0AF99D003E0102 /* Build configuration list for PBXProject "Project-1" */;
			compatibilityVersion = "Xcode 3.2";
			developmentRegion = English;
			hasScannedForEncodings = 0;
			knownRegions = (
				en,
				Base,
			);
			mainGroup = D7F809AA1F0AF99D003E0102;
			productRefGroup = D7F809B41F0AF99D003E0102 /* Products */;
			projectDirPath = "";
			projectRoot = "";
			targets = (
				D7F809B21F0AF99D003E0102 /* Project-1 */,
			);
		};
/* End PBXProject section */

/* Begin PBXResourcesBuildPhase section */
		D7F809B11F0AF99D003E0102 /* Resources */ = {
			isa = PBXResourcesBuildPhase;
			buildActionMask = 2147483647;
			files = (
				D7F809C11F0AF99D003E0102 /* LaunchScreen.storyboard in Resources */,
				D7F809BE1F0AF99D003E0102 /* Assets.xcassets in Resources */,
			);
			runOnlyForDeploymentPostprocessing = 0;
		};
/* End PBXResourcesBuildPhase section */

/* Begin PBXShellScriptBuildPhase section */
		595655C707DD8E5D5A4860B8 /* [CP] Embed Pods Frameworks */ = {
			isa = PBXShellScriptBuildPhase;
			buildActionMask = 2147483647;
			files = (
			);
			inputPaths = (
			);
			name = "[CP] Embed Pods Frameworks";
			outputPaths = (
			);
			runOnlyForDeploymentPostprocessing = 0;
			shellPath = /bin/sh;
			shellScript = "\"${SRCROOT}/Pods/Target Support Files/Pods-Project-1/Pods-Project-1-frameworks.sh\"\n";
			showEnvVarsInLog = 0;
		};
		90193103F1DD8B054BD85AAF /* [CP] Check Pods Manifest.lock */ = {
			isa = PBXShellScriptBuildPhase;
			buildActionMask = 2147483647;
			files = (
			);
			inputPaths = (
			);
			name = "[CP] Check Pods Manifest.lock";
			outputPaths = (
			);
			runOnlyForDeploymentPostprocessing = 0;
			shellPath = /bin/sh;
			shellScript = "diff \"${PODS_PODFILE_DIR_PATH}/Podfile.lock\" \"${PODS_ROOT}/Manifest.lock\" > /dev/null\nif [ $? != 0 ] ; then\n    # print error to STDERR\n    echo \"error: The sandbox is not in sync with the Podfile.lock. Run 'pod install' or update your CocoaPods installation.\" >&2\n    exit 1\nfi\n";
			showEnvVarsInLog = 0;
		};
		98F99E1F768DC913FFD7D06B /* [CP] Copy Pods Resources */ = {
			isa = PBXShellScriptBuildPhase;
			buildActionMask = 2147483647;
			files = (
			);
			inputPaths = (
			);
			name = "[CP] Copy Pods Resources";
			outputPaths = (
			);
			runOnlyForDeploymentPostprocessing = 0;
			shellPath = /bin/sh;
			shellScript = "\"${SRCROOT}/Pods/Target Support Files/Pods-Project-1/Pods-Project-1-resources.sh\"\n";
			showEnvVarsInLog = 0;
		};
/* End PBXShellScriptBuildPhase section */

/* Begin PBXSourcesBuildPhase section */
		D7F809AF1F0AF99D003E0102 /* Sources */ = {
			isa = PBXSourcesBuildPhase;
			buildActionMask = 2147483647;
			files = (
				D7C8DCD71F0F186A00049571 /* HomeDatasource.swift in Sources */,
				D710F19A1F7F2D66008CC8BA /* Tweet.swift in Sources */,
				D7F809B71F0AF99D003E0102 /* AppDelegate.swift in Sources */,
				D7F717931F17179F000967B1 /* User.swift in Sources */,
				D7C8DCD51F0F182600049571 /* Cells.swift in Sources */,
				D7C8DCCF1F0F0C7500049571 /* HomeDatasourceController.swift in Sources */,
				D747F5CA1F7DB58700AEB72C /* TweetsCell.swift in Sources */,
				D75F27EA1F7B405100417F41 /* HomeDatasourceController+navbar.swift in Sources */,
				D7F809C91F0BF87A003E0102 /* HomeController.swift in Sources */,
				D7F717951F172498000967B1 /* UserCell.swift in Sources */,
			);
			runOnlyForDeploymentPostprocessing = 0;
		};
/* End PBXSourcesBuildPhase section */

/* Begin PBXVariantGroup section */
		D7F809BF1F0AF99D003E0102 /* LaunchScreen.storyboard */ = {
			isa = PBXVariantGroup;
			children = (
				D7F809C01F0AF99D003E0102 /* Base */,
			);
			name = LaunchScreen.storyboard;
			sourceTree = "<group>";
		};
/* End PBXVariantGroup section */

/* Begin XCBuildConfiguration section */
		D7F809C31F0AF99D003E0102 /* Debug */ = {
			isa = XCBuildConfiguration;
			buildSettings = {
				ALWAYS_SEARCH_USER_PATHS = NO;
				CLANG_ANALYZER_NONNULL = YES;
				CLANG_ANALYZER_NUMBER_OBJECT_CONVERSION = YES_AGGRESSIVE;
				CLANG_CXX_LANGUAGE_STANDARD = "gnu++0x";
				CLANG_CXX_LIBRARY = "libc++";
				CLANG_ENABLE_MODULES = YES;
				CLANG_ENABLE_OBJC_ARC = YES;
				CLANG_WARN_BOOL_CONVERSION = YES;
				CLANG_WARN_CONSTANT_CONVERSION = YES;
				CLANG_WARN_DIRECT_OBJC_ISA_USAGE = YES_ERROR;
				CLANG_WARN_DOCUMENTATION_COMMENTS = YES;
				CLANG_WARN_EMPTY_BODY = YES;
				CLANG_WARN_ENUM_CONVERSION = YES;
				CLANG_WARN_INFINITE_RECURSION = YES;
				CLANG_WARN_INT_CONVERSION = YES;
				CLANG_WARN_OBJC_ROOT_CLASS = YES_ERROR;
				CLANG_WARN_SUSPICIOUS_MOVE = YES;
				CLANG_WARN_UNREACHABLE_CODE = YES;
				CLANG_WARN__DUPLICATE_METHOD_MATCH = YES;
				"CODE_SIGN_IDENTITY[sdk=iphoneos*]" = "iPhone Developer";
				COPY_PHASE_STRIP = NO;
				DEBUG_INFORMATION_FORMAT = dwarf;
				ENABLE_STRICT_OBJC_MSGSEND = YES;
				ENABLE_TESTABILITY = YES;
				GCC_C_LANGUAGE_STANDARD = gnu99;
				GCC_DYNAMIC_NO_PIC = NO;
				GCC_NO_COMMON_BLOCKS = YES;
				GCC_OPTIMIZATION_LEVEL = 0;
				GCC_PREPROCESSOR_DEFINITIONS = (
					"DEBUG=1",
					"$(inherited)",
				);
				GCC_WARN_64_TO_32_BIT_CONVERSION = YES;
				GCC_WARN_ABOUT_RETURN_TYPE = YES_ERROR;
				GCC_WARN_UNDECLARED_SELECTOR = YES;
				GCC_WARN_UNINITIALIZED_AUTOS = YES_AGGRESSIVE;
				GCC_WARN_UNUSED_FUNCTION = YES;
				GCC_WARN_UNUSED_VARIABLE = YES;
				IPHONEOS_DEPLOYMENT_TARGET = 10.3;
				MTL_ENABLE_DEBUG_INFO = YES;
				ONLY_ACTIVE_ARCH = YES;
				SDKROOT = iphoneos;
				SWIFT_ACTIVE_COMPILATION_CONDITIONS = DEBUG;
				SWIFT_OPTIMIZATION_LEVEL = "-Onone";
				TARGETED_DEVICE_FAMILY = "1,2";
			};
			name = Debug;
		};
		D7F809C41F0AF99D003E0102 /* Release */ = {
			isa = XCBuildConfiguration;
			buildSettings = {
				ALWAYS_SEARCH_USER_PATHS = NO;
				CLANG_ANALYZER_NONNULL = YES;
				CLANG_ANALYZER_NUMBER_OBJECT_CONVERSION = YES_AGGRESSIVE;
				CLANG_CXX_LANGUAGE_STANDARD = "gnu++0x";
				CLANG_CXX_LIBRARY = "libc++";
				CLANG_ENABLE_MODULES = YES;
				CLANG_ENABLE_OBJC_ARC = YES;
				CLANG_WARN_BOOL_CONVERSION = YES;
				CLANG_WARN_CONSTANT_CONVERSION = YES;
				CLANG_WARN_DIRECT_OBJC_ISA_USAGE = YES_ERROR;
				CLANG_WARN_DOCUMENTATION_COMMENTS = YES;
				CLANG_WARN_EMPTY_BODY = YES;
				CLANG_WARN_ENUM_CONVERSION = YES;
				CLANG_WARN_INFINITE_RECURSION = YES;
				CLANG_WARN_INT_CONVERSION = YES;
				CLANG_WARN_OBJC_ROOT_CLASS = YES_ERROR;
				CLANG_WARN_SUSPICIOUS_MOVE = YES;
				CLANG_WARN_UNREACHABLE_CODE = YES;
				CLANG_WARN__DUPLICATE_METHOD_MATCH = YES;
				"CODE_SIGN_IDENTITY[sdk=iphoneos*]" = "iPhone Developer";
				COPY_PHASE_STRIP = NO;
				DEBUG_INFORMATION_FORMAT = "dwarf-with-dsym";
				ENABLE_NS_ASSERTIONS = NO;
				ENABLE_STRICT_OBJC_MSGSEND = YES;
				GCC_C_LANGUAGE_STANDARD = gnu99;
				GCC_NO_COMMON_BLOCKS = YES;
				GCC_WARN_64_TO_32_BIT_CONVERSION = YES;
				GCC_WARN_ABOUT_RETURN_TYPE = YES_ERROR;
				GCC_WARN_UNDECLARED_SELECTOR = YES;
				GCC_WARN_UNINITIALIZED_AUTOS = YES_AGGRESSIVE;
				GCC_WARN_UNUSED_FUNCTION = YES;
				GCC_WARN_UNUSED_VARIABLE = YES;
				IPHONEOS_DEPLOYMENT_TARGET = 10.3;
				MTL_ENABLE_DEBUG_INFO = NO;
				SDKROOT = iphoneos;
				SWIFT_OPTIMIZATION_LEVEL = "-Owholemodule";
				TARGETED_DEVICE_FAMILY = "1,2";
				VALIDATE_PRODUCT = YES;
			};
			name = Release;
		};
		D7F809C61F0AF99D003E0102 /* Debug */ = {
			isa = XCBuildConfiguration;
			baseConfigurationReference = C54FF06AD9C7A2ED4D1DAD43 /* Pods-Project-1.debug.xcconfig */;
			buildSettings = {
				ASSETCATALOG_COMPILER_APPICON_NAME = AppIcon;
				DEVELOPMENT_TEAM = 9VQK2KEKWF;
				INFOPLIST_FILE = "Project-1/Info.plist";
				IPHONEOS_DEPLOYMENT_TARGET = 10.2;
				LD_RUNPATH_SEARCH_PATHS = "$(inherited) @executable_path/Frameworks";
				PRODUCT_BUNDLE_IDENTIFIER = "com.medtrics.project-1";
				PRODUCT_NAME = "$(TARGET_NAME)";
				SWIFT_VERSION = 3.0;
			};
			name = Debug;
		};
		D7F809C71F0AF99D003E0102 /* Release */ = {
			isa = XCBuildConfiguration;
			baseConfigurationReference = FE6912EC4FA9D580767C6E2F /* Pods-Project-1.release.xcconfig */;
			buildSettings = {
				ASSETCATALOG_COMPILER_APPICON_NAME = AppIcon;
				DEVELOPMENT_TEAM = 9VQK2KEKWF;
				INFOPLIST_FILE = "Project-1/Info.plist";
				IPHONEOS_DEPLOYMENT_TARGET = 10.2;
				LD_RUNPATH_SEARCH_PATHS = "$(inherited) @executable_path/Frameworks";
				PRODUCT_BUNDLE_IDENTIFIER = "com.medtrics.project-1";
				PRODUCT_NAME = "$(TARGET_NAME)";
				SWIFT_VERSION = 3.0;
			};
			name = Release;
		};
/* End XCBuildConfiguration section */

/* Begin XCConfigurationList section */
		D7F809AE1F0AF99D003E0102 /* Build configuration list for PBXProject "Project-1" */ = {
			isa = XCConfigurationList;
			buildConfigurations = (
				D7F809C31F0AF99D003E0102 /* Debug */,
				D7F809C41F0AF99D003E0102 /* Release */,
			);
			defaultConfigurationIsVisible = 0;
			defaultConfigurationName = Release;
		};
		D7F809C51F0AF99D003E0102 /* Build configuration list for PBXNativeTarget "Project-1" */ = {
			isa = XCConfigurationList;
			buildConfigurations = (
				D7F809C61F0AF99D003E0102 /* Debug */,
				D7F809C71F0AF99D003E0102 /* Release */,
			);
			defaultConfigurationIsVisible = 0;
			defaultConfigurationName = Release;
		};
/* End XCConfigurationList section */
	};
	rootObject = D7F809AB1F0AF99D003E0102 /* Project object */;
}
